Microsoft Visual Studio Solution File, Format Version 12.00
# Visual Studio 2012
Project("{FAE04EC0-301F-11D3-BF4B-00C04F79EFBC}") = "MultiplayerDemo", "MultiplayerDemo.csproj", "{896CF05D-2D67-4FC3-91BE-C56A9023213C}"
EndProject
Global
	GlobalSection(SolutionConfigurationPlatforms) = preSolution
	Debug|Any CPU = Debug|Any CPU
	ExportDebug|Any CPU = ExportDebug|Any CPU
	ExportRelease|Any CPU = ExportRelease|Any CPU
	EndGlobalSection
	GlobalSection(ProjectConfigurationPlatforms) = postSolution
		{896CF05D-2D67-4FC3-91BE-C56A9023213C}.Debug|Any CPU.ActiveCfg = Debug|Any CPU
		{896CF05D-2D67-4FC3-91BE-C56A9023213C}.Debug|Any CPU.Build.0 = Debug|Any CPU
		{896CF05D-2D67-4FC3-91BE-C56A9023213C}.ExportDebug|Any CPU.ActiveCfg = ExportDebug|Any CPU
		{896CF05D-2D67-4FC3-91BE-C56A9023213C}.ExportDebug|Any CPU.Build.0 = ExportDebug|Any CPU
		{896CF05D-2D67-4FC3-91BE-C56A9023213C}.ExportRelease|Any CPU.ActiveCfg = ExportRelease|Any CPU
		{896CF05D-2D67-4FC3-91BE-C56A9023213C}.ExportRelease|Any CPU.Build.0 = ExportRelease|Any CPU
	EndGlobalSection
EndGlobal
